
Microsoft Visual Studio Solution File, Format Version 11.00
# Visual Studio 2010
Project("{FAE04EC0-301F-11D3-BF4B-00C04F79EFBC}") = "Assembly-CSharp-firstpass", "Assembly-CSharp-firstpass.csproj", "{dea2aac0-6c4a-7017-2266-2cfd43168953}"
EndProject
Project("{FAE04EC0-301F-11D3-BF4B-00C04F79EFBC}") = "Assembly-CSharp", "Assembly-CSharp.csproj", "{e0de11be-45b3-c935-afcc-9017907eab38}"
EndProject
Project("{FAE04EC0-301F-11D3-BF4B-00C04F79EFBC}") = "Assembly-CSharp-Editor-firstpass", "Assembly-CSharp-Editor-firstpass.csproj", "{f02b60b3-4859-fac5-7ed9-e524c0e6b92c}"
EndProject
Global
	GlobalSection(SolutionConfigurationPlatforms) = preSolution
		Debug|Any CPU = Debug|Any CPU
	EndGlobalSection
	GlobalSection(ProjectConfigurationPlatforms) = postSolution
		{dea2aac0-6c4a-7017-2266-2cfd43168953}.Debug|Any CPU.ActiveCfg = Debug|Any CPU
		{dea2aac0-6c4a-7017-2266-2cfd43168953}.Debug|Any CPU.Build.0 = Debug|Any CPU
		{e0de11be-45b3-c935-afcc-9017907eab38}.Debug|Any CPU.ActiveCfg = Debug|Any CPU
		{e0de11be-45b3-c935-afcc-9017907eab38}.Debug|Any CPU.Build.0 = Debug|Any CPU
		{f02b60b3-4859-fac5-7ed9-e524c0e6b92c}.Debug|Any CPU.ActiveCfg = Debug|Any CPU
		{f02b60b3-4859-fac5-7ed9-e524c0e6b92c}.Debug|Any CPU.Build.0 = Debug|Any CPU
	EndGlobalSection
	GlobalSection(SolutionProperties) = preSolution
		HideSolutionNode = FALSE
	EndGlobalSection
EndGlobal
